
Microsoft Visual Studio Solution File, Format Version 12.00
# Visual Studio 15
VisualStudioVersion = 15.0.27428.1
MinimumVisualStudioVersion = 10.0.40219.1
Project("{FAE04EC0-301F-11D3-BF4B-00C04F79EFBC}") = "LodyBaby", "LodyBaby\LodyBaby.csproj", "{C5FF130D-B560-4A58-9924-6F8F3B300288}"
EndProject
Project("{FAE04EC0-301F-11D3-BF4B-00C04F79EFBC}") = "BussinessLayer", "BussinessLayer\BussinessLayer.csproj", "{3F020CC3-633B-4675-96F4-E27DB452987A}"
EndProject
Project("{FAE04EC0-301F-11D3-BF4B-00C04F79EFBC}") = "DataEntities", "DataEntities\DataEntities.csproj", "{5411EFD2-9088-437C-9DCD-5684B15DD1F8}"
EndProject
Project("{FAE04EC0-301F-11D3-BF4B-00C04F79EFBC}") = "Utility", "Utility\Utility.csproj", "{75E9520A-4D1A-41D3-BD6D-BD8CE657790F}"
EndProject
Global
	GlobalSection(SolutionConfigurationPlatforms) = preSolution
		Debug|Any CPU = Debug|Any CPU
		Release|Any CPU = Release|Any CPU
	EndGlobalSection
	GlobalSection(ProjectConfigurationPlatforms) = postSolution
		{C5FF130D-B560-4A58-9924-6F8F3B300288}.Debug|Any CPU.ActiveCfg = Debug|Any CPU
		{C5FF130D-B560-4A58-9924-6F8F3B300288}.Debug|Any CPU.Build.0 = Debug|Any CPU
		{C5FF130D-B560-4A58-9924-6F8F3B300288}.Release|Any CPU.ActiveCfg = Release|Any CPU
		{C5FF130D-B560-4A58-9924-6F8F3B300288}.Release|Any CPU.Build.0 = Release|Any CPU
		{3F020CC3-633B-4675-96F4-E27DB452987A}.Debug|Any CPU.ActiveCfg = Debug|Any CPU
		{3F020CC3-633B-4675-96F4-E27DB452987A}.Debug|Any CPU.Build.0 = Debug|Any CPU
		{3F020CC3-633B-4675-96F4-E27DB452987A}.Release|Any CPU.ActiveCfg = Release|Any CPU
		{3F020CC3-633B-4675-96F4-E27DB452987A}.Release|Any CPU.Build.0 = Release|Any CPU
		{5411EFD2-9088-437C-9DCD-5684B15DD1F8}.Debug|Any CPU.ActiveCfg = Debug|Any CPU
		{5411EFD2-9088-437C-9DCD-5684B15DD1F8}.Debug|Any CPU.Build.0 = Debug|Any CPU
		{5411EFD2-9088-437C-9DCD-5684B15DD1F8}.Release|Any CPU.ActiveCfg = Release|Any CPU
		{5411EFD2-9088-437C-9DCD-5684B15DD1F8}.Release|Any CPU.Build.0 = Release|Any CPU
		{75E9520A-4D1A-41D3-BD6D-BD8CE657790F}.Debug|Any CPU.ActiveCfg = Debug|Any CPU
		{75E9520A-4D1A-41D3-BD6D-BD8CE657790F}.Debug|Any CPU.Build.0 = Debug|Any CPU
		{75E9520A-4D1A-41D3-BD6D-BD8CE657790F}.Release|Any CPU.ActiveCfg = Release|Any CPU
		{75E9520A-4D1A-41D3-BD6D-BD8CE657790F}.Release|Any CPU.Build.0 = Release|Any CPU
	EndGlobalSection
	GlobalSection(SolutionProperties) = preSolution
		HideSolutionNode = FALSE
	EndGlobalSection
	GlobalSection(ExtensibilityGlobals) = postSolution
		SolutionGuid = {F9D61E45-CB85-4239-800E-B51BA46EAE2D}
	EndGlobalSection
EndGlobal
